
Microsoft Visual Studio Solution File, Format Version 12.00
# Visual Studio Version 17
VisualStudioVersion = 17.5.33516.290
MinimumVisualStudioVersion = 10.0.40219.1
Project("{FAE04EC0-301F-11D3-BF4B-00C04F79EFBC}") = "AdventOfCode2023", "AdventOfCode2023\AdventOfCode2023.csproj", "{35191DD7-289C-48F2-A22B-C69D6A5F770B}"
EndProject
Project("{FAE04EC0-301F-11D3-BF4B-00C04F79EFBC}") = "Task-1", "Task-1\Task-1.csproj", "{2D15CD8C-69E0-494A-B4EA-CD03120F02A4}"
EndProject
Global
	GlobalSection(SolutionConfigurationPlatforms) = preSolution
		Debug|Any CPU = Debug|Any CPU
		Release|Any CPU = Release|Any CPU
	EndGlobalSection
	GlobalSection(ProjectConfigurationPlatforms) = postSolution
		{35191DD7-289C-48F2-A22B-C69D6A5F770B}.Debug|Any CPU.ActiveCfg = Debug|Any CPU
		{35191DD7-289C-48F2-A22B-C69D6A5F770B}.Debug|Any CPU.Build.0 = Debug|Any CPU
		{35191DD7-289C-48F2-A22B-C69D6A5F770B}.Release|Any CPU.ActiveCfg = Release|Any CPU
		{35191DD7-289C-48F2-A22B-C69D6A5F770B}.Release|Any CPU.Build.0 = Release|Any CPU
		{2D15CD8C-69E0-494A-B4EA-CD03120F02A4}.Debug|Any CPU.ActiveCfg = Debug|Any CPU
		{2D15CD8C-69E0-494A-B4EA-CD03120F02A4}.Debug|Any CPU.Build.0 = Debug|Any CPU
		{2D15CD8C-69E0-494A-B4EA-CD03120F02A4}.Release|Any CPU.ActiveCfg = Release|Any CPU
		{2D15CD8C-69E0-494A-B4EA-CD03120F02A4}.Release|Any CPU.Build.0 = Release|Any CPU
	EndGlobalSection
	GlobalSection(SolutionProperties) = preSolution
		HideSolutionNode = FALSE
	EndGlobalSection
	GlobalSection(ExtensibilityGlobals) = postSolution
		SolutionGuid = {5541AD49-358D-4EB2-95AC-886A3FBEDB78}
	EndGlobalSection
EndGlobal
